Microsoft Visual Studio Solution File, Format Version 12.00
# Visual Studio Version 17
VisualStudioVersion = 17.5.2.0
MinimumVisualStudioVersion = 10.0.40219.1
Project("{FAE04EC0-301F-11D3-BF4B-00C04F79EFBC}") = "PlantSync", "PlantSync.csproj", "{B34C6994-A5E3-DF7A-AE58-DC988659FA29}"
EndProject
Global
	GlobalSection(SolutionConfigurationPlatforms) = preSolution
		Debug|Any CPU = Debug|Any CPU
		Release|Any CPU = Release|Any CPU
	EndGlobalSection
	GlobalSection(ProjectConfigurationPlatforms) = postSolution
		{B34C6994-A5E3-DF7A-AE58-DC988659FA29}.Debug|Any CPU.ActiveCfg = Debug|Any CPU
		{B34C6994-A5E3-DF7A-AE58-DC988659FA29}.Debug|Any CPU.Build.0 = Debug|Any CPU
		{B34C6994-A5E3-DF7A-AE58-DC988659FA29}.Release|Any CPU.ActiveCfg = Release|Any CPU
		{B34C6994-A5E3-DF7A-AE58-DC988659FA29}.Release|Any CPU.Build.0 = Release|Any CPU
	EndGlobalSection
	GlobalSection(SolutionProperties) = preSolution
		HideSolutionNode = FALSE
	EndGlobalSection
	GlobalSection(ExtensibilityGlobals) = postSolution
		SolutionGuid = {1C17E4B5-E362-4212-921D-E937A17D30A6}
	EndGlobalSection
EndGlobal
